<?xml version="1.0" encoding="UTF-8" standalone="yes" ?>
<CodeBlocks_project_file>
	<FileVersion major="1" minor="6" />
	<Project>
		<Option title="locic" />
		<Option pch_mode="2" />
		<Option compiler="gcc" />
		<Build>
			<Target title="Debug">
				<Option output=".bin/Debug/locic" prefix_auto="1" extension_auto="1" />
				<Option object_output=".obj/Debug" />
				<Option type="1" />
				<Option compiler="gcc" />
				<Compiler>
					<Add option="-g" />
				</Compiler>
			</Target>
			<Target title="Release">
				<Option output=".bin/Release/locic" prefix_auto="1" extension_auto="1" />
				<Option object_output=".obj/Release" />
				<Option type="1" />
				<Option compiler="gcc" />
				<Compiler>
					<Add option="-O2" />
				</Compiler>
				<Linker>
					<Add option="-s" />
				</Linker>
			</Target>
		</Build>
		<Compiler>
			<Add option="-Wall" />
		</Compiler>
		<Unit filename="src/compiler/BoolTree.h" />
		<Unit filename="src/compiler/Class.h" />
		<Unit filename="src/compiler/Construct.h" />
		<Unit filename="src/compiler/Constructor.h" />
		<Unit filename="src/compiler/Context.cpp" />
		<Unit filename="src/compiler/Context.h" />
		<Unit filename="src/compiler/DirectConstruct.h" />
		<Unit filename="src/compiler/ExternalClass.h" />
		<Unit filename="src/compiler/FloatTree.h" />
		<Unit filename="src/compiler/If.h" />
		<Unit filename="src/compiler/Interface.h" />
		<Unit filename="src/compiler/InternalClass.cpp" />
		<Unit filename="src/compiler/InternalClass.h" />
		<Unit filename="src/compiler/List.h" />
		<Unit filename="src/compiler/Method.h" />
		<Unit filename="src/compiler/MethodCall.h" />
		<Unit filename="src/compiler/MethodDef.h" />
		<Unit filename="src/compiler/ParamSpec.h" />
		<Unit filename="src/compiler/Parser.tab.c">
			<Option compilerVar="CC" />
		</Unit>
		<Unit filename="src/compiler/Parser.tab.h" />
		<Unit filename="src/compiler/ProxyMethodDef.h" />
		<Unit filename="src/compiler/Resolver.h" />
		<Unit filename="src/compiler/Return.h" />
		<Unit filename="src/compiler/Scope.h" />
		<Unit filename="src/compiler/StringTree.h" />
		<Unit filename="src/compiler/Tree.h" />
		<Unit filename="src/compiler/Type.cpp" />
		<Unit filename="src/compiler/Type.h" />
		<Unit filename="src/compiler/UintTree.h" />
		<Unit filename="src/compiler/Variable.h" />
		<Unit filename="src/compiler/VariableDeclare.h" />
		<Unit filename="src/compiler/lex.yy.c">
			<Option compilerVar="CC" />
		</Unit>
		<Unit filename="src/compiler/main.cpp" />
		<Extensions>
			<code_completion />
			<debugger />
		</Extensions>
	</Project>
</CodeBlocks_project_file>
