<?xml version="1.0" encoding="UTF-8" standalone="yes" ?>
<CodeBlocks_project_file>
	<FileVersion major="1" minor="6" />
	<Project>
		<Option title="runtime" />
		<Option pch_mode="2" />
		<Option compiler="gcc" />
		<Build>
			<Target title="Debug">
				<Option output=".bin/Debug/libruntime" prefix_auto="1" extension_auto="1" />
				<Option working_dir="" />
				<Option object_output=".obj/Debug" />
				<Option type="2" />
				<Option compiler="gcc" />
				<Option createDefFile="1" />
				<Compiler>
					<Add option="-Wall" />
					<Add option="-g" />
				</Compiler>
			</Target>
			<Target title="Release">
				<Option output=".bin/Release/libruntime" prefix_auto="1" extension_auto="1" />
				<Option working_dir="" />
				<Option object_output=".obj/Release" />
				<Option type="2" />
				<Option compiler="gcc" />
				<Option createDefFile="1" />
				<Compiler>
					<Add option="-Wall" />
					<Add option="-O2" />
				</Compiler>
				<Linker>
					<Add option="-s" />
				</Linker>
			</Target>
		</Build>
		<Unit filename="src/runtime/Allocate.c">
			<Option compilerVar="CC" />
		</Unit>
		<Unit filename="src/runtime/Allocate.h" />
		<Unit filename="src/runtime/Bool.c">
			<Option compilerVar="CC" />
		</Unit>
		<Unit filename="src/runtime/Bool.h" />
		<Unit filename="src/runtime/Call.c">
			<Option compilerVar="CC" />
		</Unit>
		<Unit filename="src/runtime/Call.h" />
		<Unit filename="src/runtime/Float.c">
			<Option compilerVar="CC" />
		</Unit>
		<Unit filename="src/runtime/Float.h" />
		<Unit filename="src/runtime/String.c">
			<Option compilerVar="CC" />
		</Unit>
		<Unit filename="src/runtime/String.h" />
		<Unit filename="src/runtime/Uint.c">
			<Option compilerVar="CC" />
		</Unit>
		<Unit filename="src/runtime/Uint.h" />
		<Unit filename="src/runtime/loci.h" />
		<Unit filename="src/runtime/main.c">
			<Option compilerVar="CC" />
		</Unit>
		<Extensions>
			<code_completion />
			<debugger />
		</Extensions>
	</Project>
</CodeBlocks_project_file>
